
Microsoft Visual Studio Solution File, Format Version 12.00
# Visual Studio Version 17
VisualStudioVersion = 17.3.32901.215
MinimumVisualStudioVersion = 10.0.40219.1
Project("{FAE04EC0-301F-11D3-BF4B-00C04F79EFBC}") = "TechShop", "TechShop.csproj", "{661583A2-45CC-4E89-959D-B64166740097}"
EndProject
Global
	GlobalSection(SolutionConfigurationPlatforms) = preSolution
		Debug|Any CPU = Debug|Any CPU
		Release|Any CPU = Release|Any CPU
	EndGlobalSection
	GlobalSection(ProjectConfigurationPlatforms) = postSolution
		{661583A2-45CC-4E89-959D-B64166740097}.Debug|Any CPU.ActiveCfg = Debug|Any CPU
		{661583A2-45CC-4E89-959D-B64166740097}.Debug|Any CPU.Build.0 = Debug|Any CPU
		{661583A2-45CC-4E89-959D-B64166740097}.Release|Any CPU.ActiveCfg = Release|Any CPU
		{661583A2-45CC-4E89-959D-B64166740097}.Release|Any CPU.Build.0 = Release|Any CPU
	EndGlobalSection
	GlobalSection(SolutionProperties) = preSolution
		HideSolutionNode = FALSE
	EndGlobalSection
	GlobalSection(ExtensibilityGlobals) = postSolution
		SolutionGuid = {5001D9B1-386D-4F02-A16A-8D50F4023436}
	EndGlobalSection
EndGlobal
